// !$*UTF8*$!
{
	archiveVersion = 1;
	classes = {
	};
	objectVersion = 46;
	objects = {

/* Begin PBXBuildFile section */
		055E77611BBC375A0044A5E4 /* AppDelegate.swift in Sources */ = {isa = PBXBuildFile; fileRef = 055E77601BBC375A0044A5E4 /* AppDelegate.swift */; };
		055E77631BBC375A0044A5E4 /* ViewController.swift in Sources */ = {isa = PBXBuildFile; fileRef = 055E77621BBC375A0044A5E4 /* ViewController.swift */; };
		055E77661BBC375A0044A5E4 /* Main.storyboard in Resources */ = {isa = PBXBuildFile; fileRef = 055E77641BBC375A0044A5E4 /* Main.storyboard */; };
		055E77681BBC375A0044A5E4 /* Assets.xcassets in Resources */ = {isa = PBXBuildFile; fileRef = 055E77671BBC375A0044A5E4 /* Assets.xcassets */; };
		055E776B1BBC375A0044A5E4 /* LaunchScreen.storyboard in Resources */ = {isa = PBXBuildFile; fileRef = 055E77691BBC375A0044A5E4 /* LaunchScreen.storyboard */; };
/* End PBXBuildFile section */

/* Begin PBXFileReference section */
		055E775D1BBC375A0044A5E4 /* datepicker textfield.app */ = {isa = PBXFileReference; explicitFileType = wrapper.application; includeInIndex = 0; path = "datepicker textfield.app"; sourceTree = BUILT_PRODUCTS_DIR; };
		055E77601BBC375A0044A5E4 /* AppDelegate.swift */ = {isa = PBXFileReference; lastKnownFileType = sourcecode.swift; path = AppDelegate.swift; sourceTree = "<group>"; };
		055E77621BBC375A0044A5E4 /* ViewController.swift */ = {isa = PBXFileReference; lastKnownFileType = sourcecode.swift; path = ViewController.swift; sourceTree = "<group>"; };
		055E77651BBC375A0044A5E4 /* Base */ = {isa = PBXFileReference; lastKnownFileType = file.storyboard; name = Base; path = Base.lproj/Main.storyboard; sourceTree = "<group>"; };
		055E77671BBC375A0044A5E4 /* Assets.xcassets */ = {isa = PBXFileReference; lastKnownFileType = folder.assetcatalog; path = Assets.xcassets; sourceTree = "<group>"; };
		055E776A1BBC375A0044A5E4 /* Base */ = {isa = PBXFileReference; lastKnownFileType = file.storyboard; name = Base; path = Base.lproj/LaunchScreen.storyboard; sourceTree = "<group>"; };
		055E776C1BBC375A0044A5E4 /* Info.plist */ = {isa = PBXFileReference; lastKnownFileType = text.plist.xml; path = Info.plist; sourceTree = "<group>"; };
/* End PBXFileReference section */

/* Begin PBXFrameworksBuildPhase section */
		055E775A1BBC375A0044A5E4 /* Frameworks */ = {
			isa = PBXFrameworksBuildPhase;
			buildActionMask = 2147483647;
			files = (
			);
			runOnlyForDeploymentPostprocessing = 0;
		};
/* End PBXFrameworksBuildPhase section */

/* Begin PBXGroup section */
		055E77541BBC375A0044A5E4 = {
			isa = PBXGroup;
			children = (
				055E775F1BBC375A0044A5E4 /* datepicker textfield */,
				055E775E1BBC375A0044A5E4 /* Products */,
			);
			sourceTree = "<group>";
		};
		055E775E1BBC375A0044A5E4 /* Products */ = {
			isa = PBXGroup;
			children = (
				055E775D1BBC375A0044A5E4 /* datepicker textfield.app */,
			);
			name = Products;
			sourceTree = "<group>";
		};
		055E775F1BBC375A0044A5E4 /* datepicker textfield */ = {
			isa = PBXGroup;
			children = (
				055E77601BBC375A0044A5E4 /* AppDelegate.swift */,
				055E77621BBC375A0044A5E4 /* ViewController.swift */,
				055E77641BBC375A0044A5E4 /* Main.storyboard */,
				055E77671BBC375A0044A5E4 /* Assets.xcassets */,
				055E77691BBC375A0044A5E4 /* LaunchScreen.storyboard */,
				055E776C1BBC375A0044A5E4 /* Info.plist */,
			);
			path = "datepicker textfield";
			sourceTree = "<group>";
		};
/* End PBXGroup section */

/* Begin PBXNativeTarget section */
		055E775C1BBC375A0044A5E4 /* datepicker textfield */ = {
			isa = PBXNativeTarget;
			buildConfigurationList = 055E776F1BBC375B0044A5E4 /* Build configuration list for PBXNativeTarget "datepicker textfield" */;
			buildPhases = (
				055E77591BBC375A0044A5E4 /* Sources */,
				055E775A1BBC375A0044A5E4 /* Frameworks */,
				055E775B1BBC375A0044A5E4 /* Resources */,
			);
			buildRules = (
			);
			dependencies = (
			);
			name = "datepicker textfield";
			productName = "datepicker textfield";
			productReference = 055E775D1BBC375A0044A5E4 /* datepicker textfield.app */;
			productType = "com.apple.product-type.application";
		};
/* End PBXNativeTarget section */

/* Begin PBXProject section */
		055E77551BBC375A0044A5E4 /* Project object */ = {
			isa = PBXProject;
			attributes = {
				LastUpgradeCheck = 0700;
				ORGANIZATIONNAME = "Apoorv Mote";
				TargetAttributes = {
					055E775C1BBC375A0044A5E4 = {
						CreatedOnToolsVersion = 7.0;
					};
				};
			};
			buildConfigurationList = 055E77581BBC375A0044A5E4 /* Build configuration list for PBXProject "datepicker textfield" */;
			compatibilityVersion = "Xcode 3.2";
			developmentRegion = English;
			hasScannedForEncodings = 0;
			knownRegions = (
				en,
				Base,
			);
			mainGroup = 055E77541BBC375A0044A5E4;
			productRefGroup = 055E775E1BBC375A0044A5E4 /* Products */;
			projectDirPath = "";
			projectRoot = "";
			targets = (
				055E775C1BBC375A0044A5E4 /* datepicker textfield */,
			);
		};
/* End PBXProject section */

/* Begin PBXResourcesBuildPhase section */
		055E775B1BBC375A0044A5E4 /* Resources */ = {
			isa = PBXResourcesBuildPhase;
			buildActionMask = 2147483647;
			files = (
				055E776B1BBC375A0044A5E4 /* LaunchScreen.storyboard in Resources */,
				055E77681BBC375A0044A5E4 /* Assets.xcassets in Resources */,
				055E77661BBC375A0044A5E4 /* Main.storyboard in Resources */,
			);
			runOnlyForDeploymentPostprocessing = 0;
		};
/* End PBXResourcesBuildPhase section */

/* Begin PBXSourcesBuildPhase section */
		055E77591BBC375A0044A5E4 /* Sources */ = {
			isa = PBXSourcesBuildPhase;
			buildActionMask = 2147483647;
			files = (
				055E77631BBC375A0044A5E4 /* ViewController.swift in Sources */,
				055E77611BBC375A0044A5E4 /* AppDelegate.swift in Sources */,
			);
			runOnlyForDeploymentPostprocessing = 0;
		};
/* End PBXSourcesBuildPhase section */

/* Begin PBXVariantGroup section */
		055E77641BBC375A0044A5E4 /* Main.storyboard */ = {
			isa = PBXVariantGroup;
			children = (
				055E77651BBC375A0044A5E4 /* Base */,
			);
			name = Main.storyboard;
			sourceTree = "<group>";
		};
		055E77691BBC375A0044A5E4 /* LaunchScreen.storyboard */ = {
			isa = PBXVariantGroup;
			children = (
				055E776A1BBC375A0044A5E4 /* Base */,
			);
			name = LaunchScreen.storyboard;
			sourceTree = "<group>";
		};
/* End PBXVariantGroup section */

/* Begin XCBuildConfiguration section */
		055E776D1BBC375B0044A5E4 /* Debug */ = {
			isa = XCBuildConfiguration;
			buildSettings = {
				ALWAYS_SEARCH_USER_PATHS = NO;
				CLANG_CXX_LANGUAGE_STANDARD = "gnu++0x";
				CLANG_CXX_LIBRARY = "libc++";
				CLANG_ENABLE_MODULES = YES;
				CLANG_ENABLE_OBJC_ARC = YES;
				CLANG_WARN_BOOL_CONVERSION = YES;
				CLANG_WARN_CONSTANT_CONVERSION = YES;
				CLANG_WARN_DIRECT_OBJC_ISA_USAGE = YES_ERROR;
				CLANG_WARN_EMPTY_BODY = YES;
				CLANG_WARN_ENUM_CONVERSION = YES;
				CLANG_WARN_INT_CONVERSION = YES;
				CLANG_WARN_OBJC_ROOT_CLASS = YES_ERROR;
				CLANG_WARN_UNREACHABLE_CODE = YES;
				CLANG_WARN__DUPLICATE_METHOD_MATCH = YES;
				"CODE_SIGN_IDENTITY[sdk=iphoneos*]" = "iPhone Developer";
				COPY_PHASE_STRIP = NO;
				DEBUG_INFORMATION_FORMAT = dwarf;
				ENABLE_STRICT_OBJC_MSGSEND = YES;
				ENABLE_TESTABILITY = YES;
				GCC_C_LANGUAGE_STANDARD = gnu99;
				GCC_DYNAMIC_NO_PIC = NO;
				GCC_NO_COMMON_BLOCKS = YES;
				GCC_OPTIMIZATION_LEVEL = 0;
				GCC_PREPROCESSOR_DEFINITIONS = (
					"DEBUG=1",
					"$(inherited)",
				);
				GCC_WARN_64_TO_32_BIT_CONVERSION = YES;
				GCC_WARN_ABOUT_RETURN_TYPE = YES_ERROR;
				GCC_WARN_UNDECLARED_SELECTOR = YES;
				GCC_WARN_UNINITIALIZED_AUTOS = YES_AGGRESSIVE;
				GCC_WARN_UNUSED_FUNCTION = YES;
				GCC_WARN_UNUSED_VARIABLE = YES;
				IPHONEOS_DEPLOYMENT_TARGET = 9.0;
				MTL_ENABLE_DEBUG_INFO = YES;
				ONLY_ACTIVE_ARCH = YES;
				SDKROOT = iphoneos;
				SWIFT_OPTIMIZATION_LEVEL = "-Onone";
				TARGETED_DEVICE_FAMILY = "1,2";
			};
			name = Debug;
		};
		055E776E1BBC375B0044A5E4 /* Release */ = {
			isa = XCBuildConfiguration;
			buildSettings = {
				ALWAYS_SEARCH_USER_PATHS = NO;
				CLANG_CXX_LANGUAGE_STANDARD = "gnu++0x";
				CLANG_CXX_LIBRARY = "libc++";
				CLANG_ENABLE_MODULES = YES;
				CLANG_ENABLE_OBJC_ARC = YES;
				CLANG_WARN_BOOL_CONVERSION = YES;
				CLANG_WARN_CONSTANT_CONVERSION = YES;
				CLANG_WARN_DIRECT_OBJC_ISA_USAGE = YES_ERROR;
				CLANG_WARN_EMPTY_BODY = YES;
				CLANG_WARN_ENUM_CONVERSION = YES;
				CLANG_WARN_INT_CONVERSION = YES;
				CLANG_WARN_OBJC_ROOT_CLASS = YES_ERROR;
				CLANG_WARN_UNREACHABLE_CODE = YES;
				CLANG_WARN__DUPLICATE_METHOD_MATCH = YES;
				"CODE_SIGN_IDENTITY[sdk=iphoneos*]" = "iPhone Developer";
				COPY_PHASE_STRIP = NO;
				DEBUG_INFORMATION_FORMAT = "dwarf-with-dsym";
				ENABLE_NS_ASSERTIONS = NO;
				ENABLE_STRICT_OBJC_MSGSEND = YES;
				GCC_C_LANGUAGE_STANDARD = gnu99;
				GCC_NO_COMMON_BLOCKS = YES;
				GCC_WARN_64_TO_32_BIT_CONVERSION = YES;
				GCC_WARN_ABOUT_RETURN_TYPE = YES_ERROR;
				GCC_WARN_UNDECLARED_SELECTOR = YES;
				GCC_WARN_UNINITIALIZED_AUTOS = YES_AGGRESSIVE;
				GCC_WARN_UNUSED_FUNCTION = YES;
				GCC_WARN_UNUSED_VARIABLE = YES;
				IPHONEOS_DEPLOYMENT_TARGET = 9.0;
				MTL_ENABLE_DEBUG_INFO = NO;
				SDKROOT = iphoneos;
				TARGETED_DEVICE_FAMILY = "1,2";
				VALIDATE_PRODUCT = YES;
			};
			name = Release;
		};
		055E77701BBC375B0044A5E4 /* Debug */ = {
			isa = XCBuildConfiguration;
			buildSettings = {
				ASSETCATALOG_COMPILER_APPICON_NAME = AppIcon;
				INFOPLIST_FILE = "datepicker textfield/Info.plist";
				LD_RUNPATH_SEARCH_PATHS = "$(inherited) @executable_path/Frameworks";
				PRODUCT_BUNDLE_IDENTIFIER = "com.apoovmote.datepicker-textfield";
				PRODUCT_NAME = "$(TARGET_NAME)";
			};
			name = Debug;
		};
		055E77711BBC375B0044A5E4 /* Release */ = {
			isa = XCBuildConfiguration;
			buildSettings = {
				ASSETCATALOG_COMPILER_APPICON_NAME = AppIcon;
				INFOPLIST_FILE = "datepicker textfield/Info.plist";
				LD_RUNPATH_SEARCH_PATHS = "$(inherited) @executable_path/Frameworks";
				PRODUCT_BUNDLE_IDENTIFIER = "com.apoovmote.datepicker-textfield";
				PRODUCT_NAME = "$(TARGET_NAME)";
			};
			name = Release;
		};
/* End XCBuildConfiguration section */

/* Begin XCConfigurationList section */
		055E77581BBC375A0044A5E4 /* Build configuration list for PBXProject "datepicker textfield" */ = {
			isa = XCConfigurationList;
			buildConfigurations = (
				055E776D1BBC375B0044A5E4 /* Debug */,
				055E776E1BBC375B0044A5E4 /* Release */,
			);
			defaultConfigurationIsVisible = 0;
			defaultConfigurationName = Release;
		};
		055E776F1BBC375B0044A5E4 /* Build configuration list for PBXNativeTarget "datepicker textfield" */ = {
			isa = XCConfigurationList;
			buildConfigurations = (
				055E77701BBC375B0044A5E4 /* Debug */,
				055E77711BBC375B0044A5E4 /* Release */,
			);
			defaultConfigurationIsVisible = 0;
		};
/* End XCConfigurationList section */
	};
	rootObject = 055E77551BBC375A0044A5E4 /* Project object */;
}
